// !$*UTF8*$!
{
	archiveVersion = 1;
	classes = {
	};
	objectVersion = 48;
	objects = {

/* Begin PBXBuildFile section */
		033A735C1FFCD7CB00A20D90 /* AppDelegate.swift in Sources */ = {isa = PBXBuildFile; fileRef = 033A735B1FFCD7CB00A20D90 /* AppDelegate.swift */; };
		033A735E1FFCD7CB00A20D90 /* ViewController.swift in Sources */ = {isa = PBXBuildFile; fileRef = 033A735D1FFCD7CB00A20D90 /* ViewController.swift */; };
		033A73611FFCD7CC00A20D90 /* Main.storyboard in Resources */ = {isa = PBXBuildFile; fileRef = 033A735F1FFCD7CC00A20D90 /* Main.storyboard */; };
		033A73631FFCD7CD00A20D90 /* Assets.xcassets in Resources */ = {isa = PBXBuildFile; fileRef = 033A73621FFCD7CD00A20D90 /* Assets.xcassets */; };
		033A73661FFCD7CD00A20D90 /* LaunchScreen.storyboard in Resources */ = {isa = PBXBuildFile; fileRef = 033A73641FFCD7CD00A20D90 /* LaunchScreen.storyboard */; };
		033A73711FFCD7D500A20D90 /* CoreGraphicsDemoTests.swift in Sources */ = {isa = PBXBuildFile; fileRef = 033A73701FFCD7D500A20D90 /* CoreGraphicsDemoTests.swift */; };
		033A737C1FFCD7D500A20D90 /* CoreGraphicsDemoUITests.swift in Sources */ = {isa = PBXBuildFile; fileRef = 033A737B1FFCD7D500A20D90 /* CoreGraphicsDemoUITests.swift */; };
/* End PBXBuildFile section */

/* Begin PBXContainerItemProxy section */
		033A736D1FFCD7D300A20D90 /* PBXContainerItemProxy */ = {
			isa = PBXContainerItemProxy;
			containerPortal = 033A73501FFCD7CA00A20D90 /* Project object */;
			proxyType = 1;
			remoteGlobalIDString = 033A73571FFCD7CA00A20D90;
			remoteInfo = CoreGraphicsDemo;
		};
		033A73781FFCD7D500A20D90 /* PBXContainerItemProxy */ = {
			isa = PBXContainerItemProxy;
			containerPortal = 033A73501FFCD7CA00A20D90 /* Project object */;
			proxyType = 1;
			remoteGlobalIDString = 033A73571FFCD7CA00A20D90;
			remoteInfo = CoreGraphicsDemo;
		};
/* End PBXContainerItemProxy section */

/* Begin PBXFileReference section */
		033A73581FFCD7CA00A20D90 /* CoreGraphicsDemo.app */ = {isa = PBXFileReference; explicitFileType = wrapper.application; includeInIndex = 0; path = CoreGraphicsDemo.app; sourceTree = BUILT_PRODUCTS_DIR; };
		033A735B1FFCD7CB00A20D90 /* AppDelegate.swift */ = {isa = PBXFileReference; lastKnownFileType = sourcecode.swift; path = AppDelegate.swift; sourceTree = "<group>"; };
		033A735D1FFCD7CB00A20D90 /* ViewController.swift */ = {isa = PBXFileReference; lastKnownFileType = sourcecode.swift; path = ViewController.swift; sourceTree = "<group>"; };
		033A73601FFCD7CC00A20D90 /* Base */ = {isa = PBXFileReference; lastKnownFileType = file.storyboard; name = Base; path = Base.lproj/Main.storyboard; sourceTree = "<group>"; };
		033A73621FFCD7CD00A20D90 /* Assets.xcassets */ = {isa = PBXFileReference; lastKnownFileType = folder.assetcatalog; path = Assets.xcassets; sourceTree = "<group>"; };
		033A73651FFCD7CD00A20D90 /* Base */ = {isa = PBXFileReference; lastKnownFileType = file.storyboard; name = Base; path = Base.lproj/LaunchScreen.storyboard; sourceTree = "<group>"; };
		033A73671FFCD7CD00A20D90 /* Info.plist */ = {isa = PBXFileReference; lastKnownFileType = text.plist.xml; path = Info.plist; sourceTree = "<group>"; };
		033A736C1FFCD7D300A20D90 /* CoreGraphicsDemoTests.xctest */ = {isa = PBXFileReference; explicitFileType = wrapper.cfbundle; includeInIndex = 0; path = CoreGraphicsDemoTests.xctest; sourceTree = BUILT_PRODUCTS_DIR; };
		033A73701FFCD7D500A20D90 /* CoreGraphicsDemoTests.swift */ = {isa = PBXFileReference; lastKnownFileType = sourcecode.swift; path = CoreGraphicsDemoTests.swift; sourceTree = "<group>"; };
		033A73721FFCD7D500A20D90 /* Info.plist */ = {isa = PBXFileReference; lastKnownFileType = text.plist.xml; path = Info.plist; sourceTree = "<group>"; };
		033A73771FFCD7D500A20D90 /* CoreGraphicsDemoUITests.xctest */ = {isa = PBXFileReference; explicitFileType = wrapper.cfbundle; includeInIndex = 0; path = CoreGraphicsDemoUITests.xctest; sourceTree = BUILT_PRODUCTS_DIR; };
		033A737B1FFCD7D500A20D90 /* CoreGraphicsDemoUITests.swift */ = {isa = PBXFileReference; lastKnownFileType = sourcecode.swift; path = CoreGraphicsDemoUITests.swift; sourceTree = "<group>"; };
		033A737D1FFCD7D500A20D90 /* Info.plist */ = {isa = PBXFileReference; lastKnownFileType = text.plist.xml; path = Info.plist; sourceTree = "<group>"; };
/* End PBXFileReference section */

/* Begin PBXFrameworksBuildPhase section */
		033A73551FFCD7CA00A20D90 /* Frameworks */ = {
			isa = PBXFrameworksBuildPhase;
			buildActionMask = 2147483647;
			files = (
			);
			runOnlyForDeploymentPostprocessing = 0;
		};
		033A73691FFCD7D300A20D90 /* Frameworks */ = {
			isa = PBXFrameworksBuildPhase;
			buildActionMask = 2147483647;
			files = (
			);
			runOnlyForDeploymentPostprocessing = 0;
		};
		033A73741FFCD7D500A20D90 /* Frameworks */ = {
			isa = PBXFrameworksBuildPhase;
			buildActionMask = 2147483647;
			files = (
			);
			runOnlyForDeploymentPostprocessing = 0;
		};
/* End PBXFrameworksBuildPhase section */

/* Begin PBXGroup section */
		033A734F1FFCD7CA00A20D90 = {
			isa = PBXGroup;
			children = (
				033A735A1FFCD7CB00A20D90 /* CoreGraphicsDemo */,
				033A736F1FFCD7D500A20D90 /* CoreGraphicsDemoTests */,
				033A737A1FFCD7D500A20D90 /* CoreGraphicsDemoUITests */,
				033A73591FFCD7CA00A20D90 /* Products */,
			);
			sourceTree = "<group>";
		};
		033A73591FFCD7CA00A20D90 /* Products */ = {
			isa = PBXGroup;
			children = (
				033A73581FFCD7CA00A20D90 /* CoreGraphicsDemo.app */,
				033A736C1FFCD7D300A20D90 /* CoreGraphicsDemoTests.xctest */,
				033A73771FFCD7D500A20D90 /* CoreGraphicsDemoUITests.xctest */,
			);
			name = Products;
			sourceTree = "<group>";
		};
		033A735A1FFCD7CB00A20D90 /* CoreGraphicsDemo */ = {
			isa = PBXGroup;
			children = (
				033A735B1FFCD7CB00A20D90 /* AppDelegate.swift */,
				033A735D1FFCD7CB00A20D90 /* ViewController.swift */,
				033A735F1FFCD7CC00A20D90 /* Main.storyboard */,
				033A73621FFCD7CD00A20D90 /* Assets.xcassets */,
				033A73641FFCD7CD00A20D90 /* LaunchScreen.storyboard */,
				033A73671FFCD7CD00A20D90 /* Info.plist */,
			);
			path = CoreGraphicsDemo;
			sourceTree = "<group>";
		};
		033A736F1FFCD7D500A20D90 /* CoreGraphicsDemoTests */ = {
			isa = PBXGroup;
			children = (
				033A73701FFCD7D500A20D90 /* CoreGraphicsDemoTests.swift */,
				033A73721FFCD7D500A20D90 /* Info.plist */,
			);
			path = CoreGraphicsDemoTests;
			sourceTree = "<group>";
		};
		033A737A1FFCD7D500A20D90 /* CoreGraphicsDemoUITests */ = {
			isa = PBXGroup;
			children = (
				033A737B1FFCD7D500A20D90 /* CoreGraphicsDemoUITests.swift */,
				033A737D1FFCD7D500A20D90 /* Info.plist */,
			);
			path = CoreGraphicsDemoUITests;
			sourceTree = "<group>";
		};
/* End PBXGroup section */

/* Begin PBXNativeTarget section */
		033A73571FFCD7CA00A20D90 /* CoreGraphicsDemo */ = {
			isa = PBXNativeTarget;
			buildConfigurationList = 033A73801FFCD7D500A20D90 /* Build configuration list for PBXNativeTarget "CoreGraphicsDemo" */;
			buildPhases = (
				033A73541FFCD7CA00A20D90 /* Sources */,
				033A73551FFCD7CA00A20D90 /* Frameworks */,
				033A73561FFCD7CA00A20D90 /* Resources */,
			);
			buildRules = (
			);
			dependencies = (
			);
			name = CoreGraphicsDemo;
			productName = CoreGraphicsDemo;
			productReference = 033A73581FFCD7CA00A20D90 /* CoreGraphicsDemo.app */;
			productType = "com.apple.product-type.application";
		};
		033A736B1FFCD7D300A20D90 /* CoreGraphicsDemoTests */ = {
			isa = PBXNativeTarget;
			buildConfigurationList = 033A73831FFCD7D500A20D90 /* Build configuration list for PBXNativeTarget "CoreGraphicsDemoTests" */;
			buildPhases = (
				033A73681FFCD7D300A20D90 /* Sources */,
				033A73691FFCD7D300A20D90 /* Frameworks */,
				033A736A1FFCD7D300A20D90 /* Resources */,
			);
			buildRules = (
			);
			dependencies = (
				033A736E1FFCD7D300A20D90 /* PBXTargetDependency */,
			);
			name = CoreGraphicsDemoTests;
			productName = CoreGraphicsDemoTests;
			productReference = 033A736C1FFCD7D300A20D90 /* CoreGraphicsDemoTests.xctest */;
			productType = "com.apple.product-type.bundle.unit-test";
		};
		033A73761FFCD7D500A20D90 /* CoreGraphicsDemoUITests */ = {
			isa = PBXNativeTarget;
			buildConfigurationList = 033A73861FFCD7D500A20D90 /* Build configuration list for PBXNativeTarget "CoreGraphicsDemoUITests" */;
			buildPhases = (
				033A73731FFCD7D500A20D90 /* Sources */,
				033A73741FFCD7D500A20D90 /* Frameworks */,
				033A73751FFCD7D500A20D90 /* Resources */,
			);
			buildRules = (
			);
			dependencies = (
				033A73791FFCD7D500A20D90 /* PBXTargetDependency */,
			);
			name = CoreGraphicsDemoUITests;
			productName = CoreGraphicsDemoUITests;
			productReference = 033A73771FFCD7D500A20D90 /* CoreGraphicsDemoUITests.xctest */;
			productType = "com.apple.product-type.bundle.ui-testing";
		};
/* End PBXNativeTarget section */

/* Begin PBXProject section */
		033A73501FFCD7CA00A20D90 /* Project object */ = {
			isa = PBXProject;
			attributes = {
				LastSwiftUpdateCheck = 0920;
				LastUpgradeCheck = 0920;
				ORGANIZATIONNAME = Vijay;
				TargetAttributes = {
					033A73571FFCD7CA00A20D90 = {
						CreatedOnToolsVersion = 9.2;
						ProvisioningStyle = Automatic;
					};
					033A736B1FFCD7D300A20D90 = {
						CreatedOnToolsVersion = 9.2;
						ProvisioningStyle = Automatic;
						TestTargetID = 033A73571FFCD7CA00A20D90;
					};
					033A73761FFCD7D500A20D90 = {
						CreatedOnToolsVersion = 9.2;
						ProvisioningStyle = Automatic;
						TestTargetID = 033A73571FFCD7CA00A20D90;
					};
				};
			};
			buildConfigurationList = 033A73531FFCD7CA00A20D90 /* Build configuration list for PBXProject "CoreGraphicsDemo" */;
			compatibilityVersion = "Xcode 8.0";
			developmentRegion = en;
			hasScannedForEncodings = 0;
			knownRegions = (
				en,
				Base,
			);
			mainGroup = 033A734F1FFCD7CA00A20D90;
			productRefGroup = 033A73591FFCD7CA00A20D90 /* Products */;
			projectDirPath = "";
			projectRoot = "";
			targets = (
				033A73571FFCD7CA00A20D90 /* CoreGraphicsDemo */,
				033A736B1FFCD7D300A20D90 /* CoreGraphicsDemoTests */,
				033A73761FFCD7D500A20D90 /* CoreGraphicsDemoUITests */,
			);
		};
/* End PBXProject section */

/* Begin PBXResourcesBuildPhase section */
		033A73561FFCD7CA00A20D90 /* Resources */ = {
			isa = PBXResourcesBuildPhase;
			buildActionMask = 2147483647;
			files = (
				033A73661FFCD7CD00A20D90 /* LaunchScreen.storyboard in Resources */,
				033A73631FFCD7CD00A20D90 /* Assets.xcassets in Resources */,
				033A73611FFCD7CC00A20D90 /* Main.storyboard in Resources */,
			);
			runOnlyForDeploymentPostprocessing = 0;
		};
		033A736A1FFCD7D300A20D90 /* Resources */ = {
			isa = PBXResourcesBuildPhase;
			buildActionMask = 2147483647;
			files = (
			);
			runOnlyForDeploymentPostprocessing = 0;
		};
		033A73751FFCD7D500A20D90 /* Resources */ = {
			isa = PBXResourcesBuildPhase;
			buildActionMask = 2147483647;
			files = (
			);
			runOnlyForDeploymentPostprocessing = 0;
		};
/* End PBXResourcesBuildPhase section */

/* Begin PBXSourcesBuildPhase section */
		033A73541FFCD7CA00A20D90 /* Sources */ = {
			isa = PBXSourcesBuildPhase;
			buildActionMask = 2147483647;
			files = (
				033A735E1FFCD7CB00A20D90 /* ViewController.swift in Sources */,
				033A735C1FFCD7CB00A20D90 /* AppDelegate.swift in Sources */,
			);
			runOnlyForDeploymentPostprocessing = 0;
		};
		033A73681FFCD7D300A20D90 /* Sources */ = {
			isa = PBXSourcesBuildPhase;
			buildActionMask = 2147483647;
			files = (
				033A73711FFCD7D500A20D90 /* CoreGraphicsDemoTests.swift in Sources */,
			);
			runOnlyForDeploymentPostprocessing = 0;
		};
		033A73731FFCD7D500A20D90 /* Sources */ = {
			isa = PBXSourcesBuildPhase;
			buildActionMask = 2147483647;
			files = (
				033A737C1FFCD7D500A20D90 /* CoreGraphicsDemoUITests.swift in Sources */,
			);
			runOnlyForDeploymentPostprocessing = 0;
		};
/* End PBXSourcesBuildPhase section */

/* Begin PBXTargetDependency section */
		033A736E1FFCD7D300A20D90 /* PBXTargetDependency */ = {
			isa = PBXTargetDependency;
			target = 033A73571FFCD7CA00A20D90 /* CoreGraphicsDemo */;
			targetProxy = 033A736D1FFCD7D300A20D90 /* PBXContainerItemProxy */;
		};
		033A73791FFCD7D500A20D90 /* PBXTargetDependency */ = {
			isa = PBXTargetDependency;
			target = 033A73571FFCD7CA00A20D90 /* CoreGraphicsDemo */;
			targetProxy = 033A73781FFCD7D500A20D90 /* PBXContainerItemProxy */;
		};
/* End PBXTargetDependency section */

/* Begin PBXVariantGroup section */
		033A735F1FFCD7CC00A20D90 /* Main.storyboard */ = {
			isa = PBXVariantGroup;
			children = (
				033A73601FFCD7CC00A20D90 /* Base */,
			);
			name = Main.storyboard;
			sourceTree = "<group>";
		};
		033A73641FFCD7CD00A20D90 /* LaunchScreen.storyboard */ = {
			isa = PBXVariantGroup;
			children = (
				033A73651FFCD7CD00A20D90 /* Base */,
			);
			name = LaunchScreen.storyboard;
			sourceTree = "<group>";
		};
/* End PBXVariantGroup section */

/* Begin XCBuildConfiguration section */
		033A737E1FFCD7D500A20D90 /* Debug */ = {
			isa = XCBuildConfiguration;
			buildSettings = {
				ALWAYS_SEARCH_USER_PATHS = NO;
				CLANG_ANALYZER_NONNULL = YES;
				CLANG_ANALYZER_NUMBER_OBJECT_CONVERSION = YES_AGGRESSIVE;
				CLANG_CXX_LANGUAGE_STANDARD = "gnu++14";
				CLANG_CXX_LIBRARY = "libc++";
				CLANG_ENABLE_MODULES = YES;
				CLANG_ENABLE_OBJC_ARC = YES;
				CLANG_WARN_BLOCK_CAPTURE_AUTORELEASING = YES;
				CLANG_WARN_BOOL_CONVERSION = YES;
				CLANG_WARN_COMMA = YES;
				CLANG_WARN_CONSTANT_CONVERSION = YES;
				CLANG_WARN_DIRECT_OBJC_ISA_USAGE = YES_ERROR;
				CLANG_WARN_DOCUMENTATION_COMMENTS = YES;
				CLANG_WARN_EMPTY_BODY = YES;
				CLANG_WARN_ENUM_CONVERSION = YES;
				CLANG_WARN_INFINITE_RECURSION = YES;
				CLANG_WARN_INT_CONVERSION = YES;
				CLANG_WARN_NON_LITERAL_NULL_CONVERSION = YES;
				CLANG_WARN_OBJC_LITERAL_CONVERSION = YES;
				CLANG_WARN_OBJC_ROOT_CLASS = YES_ERROR;
				CLANG_WARN_RANGE_LOOP_ANALYSIS = YES;
				CLANG_WARN_STRICT_PROTOTYPES = YES;
				CLANG_WARN_SUSPICIOUS_MOVE = YES;
				CLANG_WARN_UNGUARDED_AVAILABILITY = YES_AGGRESSIVE;
				CLANG_WARN_UNREACHABLE_CODE = YES;
				CLANG_WARN__DUPLICATE_METHOD_MATCH = YES;
				CODE_SIGN_IDENTITY = "iPhone Developer";
				COPY_PHASE_STRIP = NO;
				DEBUG_INFORMATION_FORMAT = dwarf;
				ENABLE_STRICT_OBJC_MSGSEND = YES;
				ENABLE_TESTABILITY = YES;
				GCC_C_LANGUAGE_STANDARD = gnu11;
				GCC_DYNAMIC_NO_PIC = NO;
				GCC_NO_COMMON_BLOCKS = YES;
				GCC_OPTIMIZATION_LEVEL = 0;
				GCC_PREPROCESSOR_DEFINITIONS = (
					"DEBUG=1",
					"$(inherited)",
				);
				GCC_WARN_64_TO_32_BIT_CONVERSION = YES;
				GCC_WARN_ABOUT_RETURN_TYPE = YES_ERROR;
				GCC_WARN_UNDECLARED_SELECTOR = YES;
				GCC_WARN_UNINITIALIZED_AUTOS = YES_AGGRESSIVE;
				GCC_WARN_UNUSED_FUNCTION = YES;
				GCC_WARN_UNUSED_VARIABLE = YES;
				IPHONEOS_DEPLOYMENT_TARGET = 11.2;
				MTL_ENABLE_DEBUG_INFO = YES;
				ONLY_ACTIVE_ARCH = YES;
				SDKROOT = iphoneos;
				SWIFT_ACTIVE_COMPILATION_CONDITIONS = DEBUG;
				SWIFT_OPTIMIZATION_LEVEL = "-Onone";
			};
			name = Debug;
		};
		033A737F1FFCD7D500A20D90 /* Release */ = {
			isa = XCBuildConfiguration;
			buildSettings = {
				ALWAYS_SEARCH_USER_PATHS = NO;
				CLANG_ANALYZER_NONNULL = YES;
				CLANG_ANALYZER_NUMBER_OBJECT_CONVERSION = YES_AGGRESSIVE;
				CLANG_CXX_LANGUAGE_STANDARD = "gnu++14";
				CLANG_CXX_LIBRARY = "libc++";
				CLANG_ENABLE_MODULES = YES;
				CLANG_ENABLE_OBJC_ARC = YES;
				CLANG_WARN_BLOCK_CAPTURE_AUTORELEASING = YES;
				CLANG_WARN_BOOL_CONVERSION = YES;
				CLANG_WARN_COMMA = YES;
				CLANG_WARN_CONSTANT_CONVERSION = YES;
				CLANG_WARN_DIRECT_OBJC_ISA_USAGE = YES_ERROR;
				CLANG_WARN_DOCUMENTATION_COMMENTS = YES;
				CLANG_WARN_EMPTY_BODY = YES;
				CLANG_WARN_ENUM_CONVERSION = YES;
				CLANG_WARN_INFINITE_RECURSION = YES;
				CLANG_WARN_INT_CONVERSION = YES;
				CLANG_WARN_NON_LITERAL_NULL_CONVERSION = YES;
				CLANG_WARN_OBJC_LITERAL_CONVERSION = YES;
				CLANG_WARN_OBJC_ROOT_CLASS = YES_ERROR;
				CLANG_WARN_RANGE_LOOP_ANALYSIS = YES;
				CLANG_WARN_STRICT_PROTOTYPES = YES;
				CLANG_WARN_SUSPICIOUS_MOVE = YES;
				CLANG_WARN_UNGUARDED_AVAILABILITY = YES_AGGRESSIVE;
				CLANG_WARN_UNREACHABLE_CODE = YES;
				CLANG_WARN__DUPLICATE_METHOD_MATCH = YES;
				CODE_SIGN_IDENTITY = "iPhone Developer";
				COPY_PHASE_STRIP = NO;
				DEBUG_INFORMATION_FORMAT = "dwarf-with-dsym";
				ENABLE_NS_ASSERTIONS = NO;
				ENABLE_STRICT_OBJC_MSGSEND = YES;
				GCC_C_LANGUAGE_STANDARD = gnu11;
				GCC_NO_COMMON_BLOCKS = YES;
				GCC_WARN_64_TO_32_BIT_CONVERSION = YES;
				GCC_WARN_ABOUT_RETURN_TYPE = YES_ERROR;
				GCC_WARN_UNDECLARED_SELECTOR = YES;
				GCC_WARN_UNINITIALIZED_AUTOS = YES_AGGRESSIVE;
				GCC_WARN_UNUSED_FUNCTION = YES;
				GCC_WARN_UNUSED_VARIABLE = YES;
				IPHONEOS_DEPLOYMENT_TARGET = 11.2;
				MTL_ENABLE_DEBUG_INFO = NO;
				SDKROOT = iphoneos;
				SWIFT_OPTIMIZATION_LEVEL = "-Owholemodule";
				VALIDATE_PRODUCT = YES;
			};
			name = Release;
		};
		033A73811FFCD7D500A20D90 /* Debug */ = {
			isa = XCBuildConfiguration;
			buildSettings = {
				ASSETCATALOG_COMPILER_APPICON_NAME = AppIcon;
				CODE_SIGN_STYLE = Automatic;
				DEVELOPMENT_TEAM = PGZA933APV;
				INFOPLIST_FILE = CoreGraphicsDemo/Info.plist;
				LD_RUNPATH_SEARCH_PATHS = "$(inherited) @executable_path/Frameworks";
				PRODUCT_BUNDLE_IDENTIFIER = vijay.CoreGraphicsDemo;
				PRODUCT_NAME = "$(TARGET_NAME)";
				SWIFT_VERSION = 4.0;
				TARGETED_DEVICE_FAMILY = "1,2";
			};
			name = Debug;
		};
		033A73821FFCD7D500A20D90 /* Release */ = {
			isa = XCBuildConfiguration;
			buildSettings = {
				ASSETCATALOG_COMPILER_APPICON_NAME = AppIcon;
				CODE_SIGN_STYLE = Automatic;
				DEVELOPMENT_TEAM = PGZA933APV;
				INFOPLIST_FILE = CoreGraphicsDemo/Info.plist;
				LD_RUNPATH_SEARCH_PATHS = "$(inherited) @executable_path/Frameworks";
				PRODUCT_BUNDLE_IDENTIFIER = vijay.CoreGraphicsDemo;
				PRODUCT_NAME = "$(TARGET_NAME)";
				SWIFT_VERSION = 4.0;
				TARGETED_DEVICE_FAMILY = "1,2";
			};
			name = Release;
		};
		033A73841FFCD7D500A20D90 /* Debug */ = {
			isa = XCBuildConfiguration;
			buildSettings = {
				ALWAYS_EMBED_SWIFT_STANDARD_LIBRARIES = YES;
				BUNDLE_LOADER = "$(TEST_HOST)";
				CODE_SIGN_STYLE = Automatic;
				DEVELOPMENT_TEAM = PGZA933APV;
				INFOPLIST_FILE = CoreGraphicsDemoTests/Info.plist;
				LD_RUNPATH_SEARCH_PATHS = "$(inherited) @executable_path/Frameworks @loader_path/Frameworks";
				PRODUCT_BUNDLE_IDENTIFIER = vijay.CoreGraphicsDemoTests;
				PRODUCT_NAME = "$(TARGET_NAME)";
				SWIFT_VERSION = 4.0;
				TARGETED_DEVICE_FAMILY = "1,2";
				TEST_HOST = "$(BUILT_PRODUCTS_DIR)/CoreGraphicsDemo.app/CoreGraphicsDemo";
			};
			name = Debug;
		};
		033A73851FFCD7D500A20D90 /* Release */ = {
			isa = XCBuildConfiguration;
			buildSettings = {
				ALWAYS_EMBED_SWIFT_STANDARD_LIBRARIES = YES;
				BUNDLE_LOADER = "$(TEST_HOST)";
				CODE_SIGN_STYLE = Automatic;
				DEVELOPMENT_TEAM = PGZA933APV;
				INFOPLIST_FILE = CoreGraphicsDemoTests/Info.plist;
				LD_RUNPATH_SEARCH_PATHS = "$(inherited) @executable_path/Frameworks @loader_path/Frameworks";
				PRODUCT_BUNDLE_IDENTIFIER = vijay.CoreGraphicsDemoTests;
				PRODUCT_NAME = "$(TARGET_NAME)";
				SWIFT_VERSION = 4.0;
				TARGETED_DEVICE_FAMILY = "1,2";
				TEST_HOST = "$(BUILT_PRODUCTS_DIR)/CoreGraphicsDemo.app/CoreGraphicsDemo";
			};
			name = Release;
		};
		033A73871FFCD7D500A20D90 /* Debug */ = {
			isa = XCBuildConfiguration;
			buildSettings = {
				ALWAYS_EMBED_SWIFT_STANDARD_LIBRARIES = YES;
				CODE_SIGN_STYLE = Automatic;
				DEVELOPMENT_TEAM = PGZA933APV;
				INFOPLIST_FILE = CoreGraphicsDemoUITests/Info.plist;
				LD_RUNPATH_SEARCH_PATHS = "$(inherited) @executable_path/Frameworks @loader_path/Frameworks";
				PRODUCT_BUNDLE_IDENTIFIER = vijay.CoreGraphicsDemoUITests;
				PRODUCT_NAME = "$(TARGET_NAME)";
				SWIFT_VERSION = 4.0;
				TARGETED_DEVICE_FAMILY = "1,2";
				TEST_TARGET_NAME = CoreGraphicsDemo;
			};
			name = Debug;
		};
		033A73881FFCD7D500A20D90 /* Release */ = {
			isa = XCBuildConfiguration;
			buildSettings = {
				ALWAYS_EMBED_SWIFT_STANDARD_LIBRARIES = YES;
				CODE_SIGN_STYLE = Automatic;
				DEVELOPMENT_TEAM = PGZA933APV;
				INFOPLIST_FILE = CoreGraphicsDemoUITests/Info.plist;
				LD_RUNPATH_SEARCH_PATHS = "$(inherited) @executable_path/Frameworks @loader_path/Frameworks";
				PRODUCT_BUNDLE_IDENTIFIER = vijay.CoreGraphicsDemoUITests;
				PRODUCT_NAME = "$(TARGET_NAME)";
				SWIFT_VERSION = 4.0;
				TARGETED_DEVICE_FAMILY = "1,2";
				TEST_TARGET_NAME = CoreGraphicsDemo;
			};
			name = Release;
		};
/* End XCBuildConfiguration section */

/* Begin XCConfigurationList section */
		033A73531FFCD7CA00A20D90 /* Build configuration list for PBXProject "CoreGraphicsDemo" */ = {
			isa = XCConfigurationList;
			buildConfigurations = (
				033A737E1FFCD7D500A20D90 /* Debug */,
				033A737F1FFCD7D500A20D90 /* Release */,
			);
			defaultConfigurationIsVisible = 0;
			defaultConfigurationName = Release;
		};
		033A73801FFCD7D500A20D90 /* Build configuration list for PBXNativeTarget "CoreGraphicsDemo" */ = {
			isa = XCConfigurationList;
			buildConfigurations = (
				033A73811FFCD7D500A20D90 /* Debug */,
				033A73821FFCD7D500A20D90 /* Release */,
			);
			defaultConfigurationIsVisible = 0;
			defaultConfigurationName = Release;
		};
		033A73831FFCD7D500A20D90 /* Build configuration list for PBXNativeTarget "CoreGraphicsDemoTests" */ = {
			isa = XCConfigurationList;
			buildConfigurations = (
				033A73841FFCD7D500A20D90 /* Debug */,
				033A73851FFCD7D500A20D90 /* Release */,
			);
			defaultConfigurationIsVisible = 0;
			defaultConfigurationName = Release;
		};
		033A73861FFCD7D500A20D90 /* Build configuration list for PBXNativeTarget "CoreGraphicsDemoUITests" */ = {
			isa = XCConfigurationList;
			buildConfigurations = (
				033A73871FFCD7D500A20D90 /* Debug */,
				033A73881FFCD7D500A20D90 /* Release */,
			);
			defaultConfigurationIsVisible = 0;
			defaultConfigurationName = Release;
		};
/* End XCConfigurationList section */
	};
	rootObject = 033A73501FFCD7CA00A20D90 /* Project object */;
}
